# This file is autogenerated, do not edit; changes may be undone by the next 'dep ensure'.


[[projects]]
  digest = "1:8e379117c74df8f21127a82e1599de345efad7770fa91dd2ea20195471014fb4"
  name = "github.com/FZambia/sentinel"
  packages = ["."]
  pruneopts = "UT"
  revision = "e69a8dc549bb0aabdc63fbfd9e8bfe971a368153"
  version = "v1.0.0"

[[projects]]
  digest = "1:38ec74012390146c45af1f92d46e5382b50531247929ff3a685d2b2be65155ac"
  name = "github.com/gomodule/redigo"
  packages = [
    "internal",
    "redis",
  ]
  pruneopts = "UT"
  revision = "9c11da706d9b7902c6da69c592f75637793fe121"
  version = "v2.0.0"

[[projects]]
  branch = "master"
  digest = "1:20804510d842918c3aa47c6f58f3e22b049456c517dce44b57fc7bcedd9435d7"
  name = "github.com/letsfire/redisc"
  packages = ["."]
  pruneopts = "UT"
  revision = "55a9586e7018763b3053e8130bbf1cfe41da4887"

[solve-meta]
  analyzer-name = "dep"
  analyzer-version = 1
  input-imports = [
    "github.com/FZambia/sentinel",
    "github.com/gomodule/redigo/redis",
    "github.com/letsfire/redisc",
  ]
  solver-name = "gps-cdcl"
  solver-version = 1
