# This file is autogenerated, do not edit; changes may be undone by the next 'dep ensure'.


[[projects]]
  digest = "1:8e379117c74df8f21127a82e1599de345efad7770fa91dd2ea20195471014fb4"
  name = "github.com/FZambia/sentinel"
  packages = ["."]
  pruneopts = "UT"
  revision = "e69a8dc549bb0aabdc63fbfd9e8bfe971a368153"
  version = "v1.0.0"

[[projects]]
  digest = "1:38ec74012390146c45af1f92d46e5382b50531247929ff3a685d2b2be65155ac"
  name = "github.com/gomodule/redigo"
  packages = [
    "internal",
    "redis",
  ]
  pruneopts = "UT"
  revision = "9c11da706d9b7902c6da69c592f75637793fe121"
  version = "v2.0.0"

[[projects]]
  digest = "1:99f5c36d6e44bc93b833c740c966b3960b33276232ac95fb40389858aecad1b1"
  name = "github.com/mna/redisc"
  packages = ["."]
  pruneopts = "UT"
  revision = "fe71609453f7b07fc752bd92bfb5616e1baaae18"
  version = "v1.1.3"

[solve-meta]
  analyzer-name = "dep"
  analyzer-version = 1
  input-imports = [
    "github.com/FZambia/sentinel",
    "github.com/gomodule/redigo/redis",
    "github.com/mna/redisc",
  ]
  solver-name = "gps-cdcl"
  solver-version = 1
